
Microsoft Visual Studio Solution File, Format Version 12.00
# Visual Studio Version 16
VisualStudioVersion = 16.0.32106.194
MinimumVisualStudioVersion = 10.0.40219.1
Project("{FAE04EC0-301F-11D3-BF4B-00C04F79EFBC}") = "Heap", "Heap\Heap.csproj", "{359E5274-43E8-4E51-A570-12FD17C5D77E}"
EndProject
Global
	GlobalSection(SolutionConfigurationPlatforms) = preSolution
		Debug|Any CPU = Debug|Any CPU
		Release|Any CPU = Release|Any CPU
	EndGlobalSection
	GlobalSection(ProjectConfigurationPlatforms) = postSolution
		{359E5274-43E8-4E51-A570-12FD17C5D77E}.Debug|Any CPU.ActiveCfg = Debug|Any CPU
		{359E5274-43E8-4E51-A570-12FD17C5D77E}.Debug|Any CPU.Build.0 = Debug|Any CPU
		{359E5274-43E8-4E51-A570-12FD17C5D77E}.Release|Any CPU.ActiveCfg = Release|Any CPU
		{359E5274-43E8-4E51-A570-12FD17C5D77E}.Release|Any CPU.Build.0 = Release|Any CPU
	EndGlobalSection
	GlobalSection(SolutionProperties) = preSolution
		HideSolutionNode = FALSE
	EndGlobalSection
	GlobalSection(ExtensibilityGlobals) = postSolution
		SolutionGuid = {DC3C06E5-9A00-4D78-AFC4-4E51363FEBF4}
	EndGlobalSection
EndGlobal
