
Microsoft Visual Studio Solution File, Format Version 12.00
# Visual Studio Version 17
VisualStudioVersion = 17.1.32210.238
MinimumVisualStudioVersion = 10.0.40219.1
Project("{9A19103F-16F7-4668-BE54-9A1E7A4F7556}") = "Tests", "Tests\Tests.csproj", "{C6C52228-7191-4142-9EA2-39D2C8A77EFC}"
EndProject
Project("{9A19103F-16F7-4668-BE54-9A1E7A4F7556}") = "DataStructures", "DataStructures\DataStructures.csproj", "{AEB4DC95-B122-4165-A631-9B45E81FDC64}"
EndProject
Project("{9A19103F-16F7-4668-BE54-9A1E7A4F7556}") = "DataStructuresTests", "DataStructuresTests\DataStructuresTests.csproj", "{1BDF7677-045D-41D6-BB73-959C2FA204EB}"
EndProject
Project("{FAE04EC0-301F-11D3-BF4B-00C04F79EFBC}") = "Algorithms", "Algorithms\Algorithms.csproj", "{492CB998-D2F4-4637-8249-7392E28A5C07}"
EndProject
Project("{FAE04EC0-301F-11D3-BF4B-00C04F79EFBC}") = "AlgorithmsTests", "AlgorithmsTests\AlgorithmsTests.csproj", "{C75E3804-B163-489B-8B1F-1AD859834F6A}"
EndProject
Global
	GlobalSection(SolutionConfigurationPlatforms) = preSolution
		Debug|Any CPU = Debug|Any CPU
		Release|Any CPU = Release|Any CPU
	EndGlobalSection
	GlobalSection(ProjectConfigurationPlatforms) = postSolution
		{C6C52228-7191-4142-9EA2-39D2C8A77EFC}.Debug|Any CPU.ActiveCfg = Debug|Any CPU
		{C6C52228-7191-4142-9EA2-39D2C8A77EFC}.Debug|Any CPU.Build.0 = Debug|Any CPU
		{C6C52228-7191-4142-9EA2-39D2C8A77EFC}.Release|Any CPU.ActiveCfg = Release|Any CPU
		{C6C52228-7191-4142-9EA2-39D2C8A77EFC}.Release|Any CPU.Build.0 = Release|Any CPU
		{AEB4DC95-B122-4165-A631-9B45E81FDC64}.Debug|Any CPU.ActiveCfg = Debug|Any CPU
		{AEB4DC95-B122-4165-A631-9B45E81FDC64}.Debug|Any CPU.Build.0 = Debug|Any CPU
		{AEB4DC95-B122-4165-A631-9B45E81FDC64}.Release|Any CPU.ActiveCfg = Release|Any CPU
		{AEB4DC95-B122-4165-A631-9B45E81FDC64}.Release|Any CPU.Build.0 = Release|Any CPU
		{1BDF7677-045D-41D6-BB73-959C2FA204EB}.Debug|Any CPU.ActiveCfg = Debug|Any CPU
		{1BDF7677-045D-41D6-BB73-959C2FA204EB}.Debug|Any CPU.Build.0 = Debug|Any CPU
		{1BDF7677-045D-41D6-BB73-959C2FA204EB}.Release|Any CPU.ActiveCfg = Release|Any CPU
		{1BDF7677-045D-41D6-BB73-959C2FA204EB}.Release|Any CPU.Build.0 = Release|Any CPU
		{492CB998-D2F4-4637-8249-7392E28A5C07}.Debug|Any CPU.ActiveCfg = Debug|Any CPU
		{492CB998-D2F4-4637-8249-7392E28A5C07}.Debug|Any CPU.Build.0 = Debug|Any CPU
		{492CB998-D2F4-4637-8249-7392E28A5C07}.Release|Any CPU.ActiveCfg = Release|Any CPU
		{492CB998-D2F4-4637-8249-7392E28A5C07}.Release|Any CPU.Build.0 = Release|Any CPU
		{C75E3804-B163-489B-8B1F-1AD859834F6A}.Debug|Any CPU.ActiveCfg = Debug|Any CPU
		{C75E3804-B163-489B-8B1F-1AD859834F6A}.Debug|Any CPU.Build.0 = Debug|Any CPU
		{C75E3804-B163-489B-8B1F-1AD859834F6A}.Release|Any CPU.ActiveCfg = Release|Any CPU
		{C75E3804-B163-489B-8B1F-1AD859834F6A}.Release|Any CPU.Build.0 = Release|Any CPU
	EndGlobalSection
	GlobalSection(SolutionProperties) = preSolution
		HideSolutionNode = FALSE
	EndGlobalSection
	GlobalSection(ExtensibilityGlobals) = postSolution
		SolutionGuid = {3E74C408-141F-4537-A3E8-C5A85EFF1E8A}
	EndGlobalSection
EndGlobal
