
Microsoft Visual Studio Solution File, Format Version 12.00
# Visual Studio Version 16
VisualStudioVersion = 16.0.32106.194
MinimumVisualStudioVersion = 10.0.40219.1
Project("{FAE04EC0-301F-11D3-BF4B-00C04F79EFBC}") = "1275. Find Winner on a Tic Tac Toe Game", "1275. Find Winner on a Tic Tac Toe Game\1275. Find Winner on a Tic Tac Toe Game.csproj", "{D23F4875-407B-4E84-8F05-00FDCAC5C77A}"
EndProject
Global
	GlobalSection(SolutionConfigurationPlatforms) = preSolution
		Debug|Any CPU = Debug|Any CPU
		Release|Any CPU = Release|Any CPU
	EndGlobalSection
	GlobalSection(ProjectConfigurationPlatforms) = postSolution
		{D23F4875-407B-4E84-8F05-00FDCAC5C77A}.Debug|Any CPU.ActiveCfg = Debug|Any CPU
		{D23F4875-407B-4E84-8F05-00FDCAC5C77A}.Debug|Any CPU.Build.0 = Debug|Any CPU
		{D23F4875-407B-4E84-8F05-00FDCAC5C77A}.Release|Any CPU.ActiveCfg = Release|Any CPU
		{D23F4875-407B-4E84-8F05-00FDCAC5C77A}.Release|Any CPU.Build.0 = Release|Any CPU
	EndGlobalSection
	GlobalSection(SolutionProperties) = preSolution
		HideSolutionNode = FALSE
	EndGlobalSection
	GlobalSection(ExtensibilityGlobals) = postSolution
		SolutionGuid = {C193ECB2-ACB2-49A9-B2A8-3F55AA99B694}
	EndGlobalSection
EndGlobal
